
Microsoft Visual Studio Solution File, Format Version 12.00
# Visual Studio Version 16
VisualStudioVersion = 16.0.30717.126
MinimumVisualStudioVersion = 10.0.40219.1
Project("{FAE04EC0-301F-11D3-BF4B-00C04F79EFBC}") = "PersistentBuggerKata", "PersistentBuggerKata\PersistentBuggerKata.csproj", "{39C45EB2-145B-41A3-AD47-FF908656219A}"
EndProject
Global
	GlobalSection(SolutionConfigurationPlatforms) = preSolution
		Debug|Any CPU = Debug|Any CPU
		Release|Any CPU = Release|Any CPU
	EndGlobalSection
	GlobalSection(ProjectConfigurationPlatforms) = postSolution
		{39C45EB2-145B-41A3-AD47-FF908656219A}.Debug|Any CPU.ActiveCfg = Debug|Any CPU
		{39C45EB2-145B-41A3-AD47-FF908656219A}.Debug|Any CPU.Build.0 = Debug|Any CPU
		{39C45EB2-145B-41A3-AD47-FF908656219A}.Release|Any CPU.ActiveCfg = Release|Any CPU
		{39C45EB2-145B-41A3-AD47-FF908656219A}.Release|Any CPU.Build.0 = Release|Any CPU
	EndGlobalSection
	GlobalSection(SolutionProperties) = preSolution
		HideSolutionNode = FALSE
	EndGlobalSection
	GlobalSection(ExtensibilityGlobals) = postSolution
		SolutionGuid = {459C6BFA-B08E-4A6D-8B34-843D44CC2199}
	EndGlobalSection
EndGlobal
